Microsoft Visual Studio Solution File, Format Version 12.00
# Visual Studio Version 18
VisualStudioVersion = 18.0.11222.15 d18.0
MinimumVisualStudioVersion = 10.0.40219.1
Project("{FAE04EC0-301F-11D3-BF4B-00C04F79EFBC}") = "DjPortalApi", "api\DjPortalApi.csproj", "{CD026460-5B94-B911-0F7B-D4BB23EC8691}"
EndProject
Project("{2150E333-8FDC-42A3-9474-1A3956D46DE8}") = "Tests", "Tests", "{AAA4D3C3-5544-496B-A57F-76037B1C5674}"
	ProjectSection(SolutionItems) = preProject
		ApiTests.http = ApiTests.http
	EndProjectSection
EndProject
Global
	GlobalSection(SolutionConfigurationPlatforms) = preSolution
		Debug|Any CPU = Debug|Any CPU
		Release|Any CPU = Release|Any CPU
	EndGlobalSection
	GlobalSection(ProjectConfigurationPlatforms) = postSolution
		{CD026460-5B94-B911-0F7B-D4BB23EC8691}.Debug|Any CPU.ActiveCfg = Debug|Any CPU
		{CD026460-5B94-B911-0F7B-D4BB23EC8691}.Debug|Any CPU.Build.0 = Debug|Any CPU
		{CD026460-5B94-B911-0F7B-D4BB23EC8691}.Release|Any CPU.ActiveCfg = Release|Any CPU
		{CD026460-5B94-B911-0F7B-D4BB23EC8691}.Release|Any CPU.Build.0 = Release|Any CPU
	EndGlobalSection
	GlobalSection(SolutionProperties) = preSolution
		HideSolutionNode = FALSE
	EndGlobalSection
	GlobalSection(ExtensibilityGlobals) = postSolution
		SolutionGuid = {EA28A7A1-044A-4C85-929B-BDE11C23A828}
	EndGlobalSection
EndGlobal
